
Microsoft Visual Studio Solution File, Format Version 12.00
# Visual Studio Version 17
VisualStudioVersion = 17.7.34009.444
MinimumVisualStudioVersion = 10.0.40219.1
Project("{FAE04EC0-301F-11D3-BF4B-00C04F79EFBC}") = "DemoInheritance", "DemoInheritance\DemoInheritance.csproj", "{CA4F1F16-8A56-4E40-8088-607178C91B63}"
EndProject
Global
	GlobalSection(SolutionConfigurationPlatforms) = preSolution
		Debug|Any CPU = Debug|Any CPU
		Release|Any CPU = Release|Any CPU
	EndGlobalSection
	GlobalSection(ProjectConfigurationPlatforms) = postSolution
		{CA4F1F16-8A56-4E40-8088-607178C91B63}.Debug|Any CPU.ActiveCfg = Debug|Any CPU
		{CA4F1F16-8A56-4E40-8088-607178C91B63}.Debug|Any CPU.Build.0 = Debug|Any CPU
		{CA4F1F16-8A56-4E40-8088-607178C91B63}.Release|Any CPU.ActiveCfg = Release|Any CPU
		{CA4F1F16-8A56-4E40-8088-607178C91B63}.Release|Any CPU.Build.0 = Release|Any CPU
	EndGlobalSection
	GlobalSection(SolutionProperties) = preSolution
		HideSolutionNode = FALSE
	EndGlobalSection
	GlobalSection(ExtensibilityGlobals) = postSolution
		SolutionGuid = {6E179120-45AF-400C-9F86-35DF6161481B}
	EndGlobalSection
EndGlobal
